// !$*UTF8*$!
{
	archiveVersion = 1;
	classes = {
	};
	objectVersion = 46;
	objects = {

/* Begin PBXBuildFile section */
		6F6F562902D54BCE24D5774F /* Pods_greenwell.framework in Frameworks */ = {isa = PBXBuildFile; fileRef = CE99BBA59E87928A28198128 /* Pods_greenwell.framework */; };
		951D79F01C28AECF002936A0 /* PropertiesManager.swift in Sources */ = {isa = PBXBuildFile; fileRef = 951D79EF1C28AECF002936A0 /* PropertiesManager.swift */; };
		951D79F21C28AEDE002936A0 /* greenwell.plist in Resources */ = {isa = PBXBuildFile; fileRef = 951D79F11C28AEDE002936A0 /* greenwell.plist */; };
		E4198ACB1B8F17360095E5B9 /* BeaconsViewController.swift in Sources */ = {isa = PBXBuildFile; fileRef = E4198ACA1B8F17360095E5B9 /* BeaconsViewController.swift */; };
		E41E86621AEE544B000EAC50 /* Localizable.strings in Resources */ = {isa = PBXBuildFile; fileRef = E41E86611AEE544B000EAC50 /* Localizable.strings */; };
		E422CE4E1B84B60400971C7F /* MyAccountsCollectionViewCell.swift in Sources */ = {isa = PBXBuildFile; fileRef = E422CE4D1B84B60400971C7F /* MyAccountsCollectionViewCell.swift */; };
		E422CE501B84B6C700971C7F /* AnimatedLabel.swift in Sources */ = {isa = PBXBuildFile; fileRef = E422CE4F1B84B6C700971C7F /* AnimatedLabel.swift */; };
		E423CF4C1ABCAB0500CA1935 /* greenwellTests.swift in Sources */ = {isa = PBXBuildFile; fileRef = E423CF4B1ABCAB0500CA1935 /* greenwellTests.swift */; };
		E43A41741B6FB93E00CD34F4 /* main.storyboard in Resources */ = {isa = PBXBuildFile; fileRef = E43A41731B6FB93E00CD34F4 /* main.storyboard */; };
		E43A41761B7205E900CD34F4 /* InitialViewController.swift in Sources */ = {isa = PBXBuildFile; fileRef = E43A41751B7205E900CD34F4 /* InitialViewController.swift */; };
		E44245681B73886E00C261C9 /* InfoViewController.swift in Sources */ = {isa = PBXBuildFile; fileRef = E44245671B73886E00C261C9 /* InfoViewController.swift */; };
		E442456A1B73898300C261C9 /* MainViewController.swift in Sources */ = {isa = PBXBuildFile; fileRef = E44245691B73898300C261C9 /* MainViewController.swift */; };
		E442456C1B74D79B00C261C9 /* OfferCollectionViewCell.swift in Sources */ = {isa = PBXBuildFile; fileRef = E442456B1B74D79B00C261C9 /* OfferCollectionViewCell.swift */; };
		E442456E1B7A1F9700C261C9 /* OfferDetailsViewController.swift in Sources */ = {isa = PBXBuildFile; fileRef = E442456D1B7A1F9700C261C9 /* OfferDetailsViewController.swift */; };
		E44245741B7A455800C261C9 /* CustomView.swift in Sources */ = {isa = PBXBuildFile; fileRef = E44245731B7A455800C261C9 /* CustomView.swift */; };
		E44B81071AC97BDE003ADA03 /* LinedLabel.swift in Sources */ = {isa = PBXBuildFile; fileRef = E44B81061AC97BDE003ADA03 /* LinedLabel.swift */; };
		E450B7FC1B821118001FC27A /* ArticleItem.swift in Sources */ = {isa = PBXBuildFile; fileRef = E450B7FB1B821118001FC27A /* ArticleItem.swift */; };
		E450B7FE1B821F20001FC27A /* ArticleDetailsViewController.swift in Sources */ = {isa = PBXBuildFile; fileRef = E450B7FD1B821F20001FC27A /* ArticleDetailsViewController.swift */; };
		E464D2861ABCB02600E80FBE /* Caas.swift in Sources */ = {isa = PBXBuildFile; fileRef = E464D2851ABCB02600E80FBE /* Caas.swift */; };
		E464D2881ABCB04B00E80FBE /* OfferingItem.swift in Sources */ = {isa = PBXBuildFile; fileRef = E464D2871ABCB04B00E80FBE /* OfferingItem.swift */; };
		E464D2941ABCB06000E80FBE /* privacy.rtf in Resources */ = {isa = PBXBuildFile; fileRef = E464D2891ABCB06000E80FBE /* privacy.rtf */; };
		E464D2951ABCB06000E80FBE /* legal.rtf in Resources */ = {isa = PBXBuildFile; fileRef = E464D28A1ABCB06000E80FBE /* legal.rtf */; };
		E464D2961ABCB06000E80FBE /* AppDelegate.swift in Sources */ = {isa = PBXBuildFile; fileRef = E464D28B1ABCB06000E80FBE /* AppDelegate.swift */; };
		E464D29D1ABCB06000E80FBE /* Images.xcassets in Resources */ = {isa = PBXBuildFile; fileRef = E464D2921ABCB06000E80FBE /* Images.xcassets */; };
		E464D29E1ABCB06000E80FBE /* LaunchScreen.xib in Resources */ = {isa = PBXBuildFile; fileRef = E464D2931ABCB06000E80FBE /* LaunchScreen.xib */; };
		E4732FB21B8606BA00CF7AB4 /* AccountsTableViewController.swift in Sources */ = {isa = PBXBuildFile; fileRef = E4732FB11B8606BA00CF7AB4 /* AccountsTableViewController.swift */; };
		E4732FB41B860DCC00CF7AB4 /* AccountDetailsViewController.swift in Sources */ = {isa = PBXBuildFile; fileRef = E4732FB31B860DCC00CF7AB4 /* AccountDetailsViewController.swift */; };
		E47ED2101B87592900718A88 /* DetailCell.swift in Sources */ = {isa = PBXBuildFile; fileRef = E47ED20F1B87592900718A88 /* DetailCell.swift */; };
		E47ED2121B877E8A00718A88 /* SettingsViewController.swift in Sources */ = {isa = PBXBuildFile; fileRef = E47ED2111B877E8A00718A88 /* SettingsViewController.swift */; };
		E47F6F1F1ACD4C1100DCEDA2 /* Util.swift in Sources */ = {isa = PBXBuildFile; fileRef = E47F6F1E1ACD4C1100DCEDA2 /* Util.swift */; };
		E48D27A21B8DD79200397050 /* BeaconManager.swift in Sources */ = {isa = PBXBuildFile; fileRef = E48D27A11B8DD79200397050 /* BeaconManager.swift */; };
		E48D27A41B8E09C700397050 /* CoreLocation.framework in Frameworks */ = {isa = PBXBuildFile; fileRef = E48D27A31B8E09C700397050 /* CoreLocation.framework */; };
		E4963A6F1AD7F25700F271CD /* AccountCell.swift in Sources */ = {isa = PBXBuildFile; fileRef = E4963A6E1AD7F25700F271CD /* AccountCell.swift */; };
		E49C8CD01B8F36D4005BC49D /* BeaconCell.swift in Sources */ = {isa = PBXBuildFile; fileRef = E49C8CCF1B8F36D4005BC49D /* BeaconCell.swift */; };
		E49C8CD21B8F5DCE005BC49D /* BeaconDetailViewController.swift in Sources */ = {isa = PBXBuildFile; fileRef = E49C8CD11B8F5DCE005BC49D /* BeaconDetailViewController.swift */; };
		E4C16DFB1B8B3DDF00C5B9AA /* ServerSettingsViewController.swift in Sources */ = {isa = PBXBuildFile; fileRef = E4C16DFA1B8B3DDF00C5B9AA /* ServerSettingsViewController.swift */; };
		E4CAB4A21B7B67FF000CCC66 /* HeaderCollectionReusableView.swift in Sources */ = {isa = PBXBuildFile; fileRef = E4CAB4A11B7B67FF000CCC66 /* HeaderCollectionReusableView.swift */; };
		E4D02A1D1BD92E7900B2AC9D /* .localized in Resources */ = {isa = PBXBuildFile; fileRef = E4D029CF1BD92E7900B2AC9D /* .localized */; };
		E4D02A641BD92EA200B2AC9D /* appicon.png in Resources */ = {isa = PBXBuildFile; fileRef = E4D02A631BD92EA200B2AC9D /* appicon.png */; };
		E4D2BB621B83610B00EEDCBA /* NavigationViewController.swift in Sources */ = {isa = PBXBuildFile; fileRef = E4D2BB611B83610B00EEDCBA /* NavigationViewController.swift */; };
		E4D2BB641B8376B100EEDCBA /* FiltersViewController.swift in Sources */ = {isa = PBXBuildFile; fileRef = E4D2BB631B8376B100EEDCBA /* FiltersViewController.swift */; };
/* End PBXBuildFile section */

/* Begin PBXContainerItemProxy section */
		E423CF461ABCAB0400CA1935 /* PBXContainerItemProxy */ = {
			isa = PBXContainerItemProxy;
			containerPortal = E423CF281ABCAB0400CA1935 /* Project object */;
			proxyType = 1;
			remoteGlobalIDString = E423CF2F1ABCAB0400CA1935;
			remoteInfo = greenwell;
		};
/* End PBXContainerItemProxy section */

/* Begin PBXFileReference section */
		76353C17C219E6A0898F2EB0 /* Pods-greenwell.release.xcconfig */ = {isa = PBXFileReference; includeInIndex = 1; lastKnownFileType = text.xcconfig; name = "Pods-greenwell.release.xcconfig"; path = "Pods/Target Support Files/Pods-greenwell/Pods-greenwell.release.xcconfig"; sourceTree = "<group>"; };
		951D79EF1C28AECF002936A0 /* PropertiesManager.swift */ = {isa = PBXFileReference; fileEncoding = 4; lastKnownFileType = sourcecode.swift; path = PropertiesManager.swift; sourceTree = "<group>"; };
		951D79F11C28AEDE002936A0 /* greenwell.plist */ = {isa = PBXFileReference; fileEncoding = 4; lastKnownFileType = text.plist.xml; path = greenwell.plist; sourceTree = "<group>"; };
		CE99BBA59E87928A28198128 /* Pods_greenwell.framework */ = {isa = PBXFileReference; explicitFileType = wrapper.framework; includeInIndex = 0; path = Pods_greenwell.framework; sourceTree = BUILT_PRODUCTS_DIR; };
		E4198ACA1B8F17360095E5B9 /* BeaconsViewController.swift */ = {isa = PBXFileReference; fileEncoding = 4; lastKnownFileType = sourcecode.swift; path = BeaconsViewController.swift; sourceTree = "<group>"; };
		E41E86611AEE544B000EAC50 /* Localizable.strings */ = {isa = PBXFileReference; fileEncoding = 4; lastKnownFileType = text.plist.strings; path = Localizable.strings; sourceTree = "<group>"; };
		E422CE4D1B84B60400971C7F /* MyAccountsCollectionViewCell.swift */ = {isa = PBXFileReference; fileEncoding = 4; lastKnownFileType = sourcecode.swift; path = MyAccountsCollectionViewCell.swift; sourceTree = "<group>"; };
		E422CE4F1B84B6C700971C7F /* AnimatedLabel.swift */ = {isa = PBXFileReference; fileEncoding = 4; lastKnownFileType = sourcecode.swift; path = AnimatedLabel.swift; sourceTree = "<group>"; };
		E423CF301ABCAB0400CA1935 /* greenwell.app */ = {isa = PBXFileReference; explicitFileType = wrapper.application; includeInIndex = 0; path = greenwell.app; sourceTree = BUILT_PRODUCTS_DIR; };
		E423CF341ABCAB0400CA1935 /* Info.plist */ = {isa = PBXFileReference; lastKnownFileType = text.plist.xml; path = Info.plist; sourceTree = "<group>"; };
		E423CF451ABCAB0400CA1935 /* greenwellTests.xctest */ = {isa = PBXFileReference; explicitFileType = wrapper.cfbundle; includeInIndex = 0; path = greenwellTests.xctest; sourceTree = BUILT_PRODUCTS_DIR; };
		E423CF4A1ABCAB0500CA1935 /* Info.plist */ = {isa = PBXFileReference; lastKnownFileType = text.plist.xml; path = Info.plist; sourceTree = "<group>"; };
		E423CF4B1ABCAB0500CA1935 /* greenwellTests.swift */ = {isa = PBXFileReference; lastKnownFileType = sourcecode.swift; path = greenwellTests.swift; sourceTree = "<group>"; };
		E43A41731B6FB93E00CD34F4 /* main.storyboard */ = {isa = PBXFileReference; fileEncoding = 4; lastKnownFileType = file.storyboard; path = main.storyboard; sourceTree = "<group>"; };
		E43A41751B7205E900CD34F4 /* InitialViewController.swift */ = {isa = PBXFileReference; fileEncoding = 4; lastKnownFileType = sourcecode.swift; path = InitialViewController.swift; sourceTree = "<group>"; };
		E44245671B73886E00C261C9 /* InfoViewController.swift */ = {isa = PBXFileReference; fileEncoding = 4; lastKnownFileType = sourcecode.swift; path = InfoViewController.swift; sourceTree = "<group>"; };
		E44245691B73898300C261C9 /* MainViewController.swift */ = {isa = PBXFileReference; fileEncoding = 4; lastKnownFileType = sourcecode.swift; path = MainViewController.swift; sourceTree = "<group>"; };
		E442456B1B74D79B00C261C9 /* OfferCollectionViewCell.swift */ = {isa = PBXFileReference; fileEncoding = 4; lastKnownFileType = sourcecode.swift; path = OfferCollectionViewCell.swift; sourceTree = "<group>"; };
		E442456D1B7A1F9700C261C9 /* OfferDetailsViewController.swift */ = {isa = PBXFileReference; fileEncoding = 4; lastKnownFileType = sourcecode.swift; path = OfferDetailsViewController.swift; sourceTree = "<group>"; };
		E44245731B7A455800C261C9 /* CustomView.swift */ = {isa = PBXFileReference; fileEncoding = 4; lastKnownFileType = sourcecode.swift; path = CustomView.swift; sourceTree = "<group>"; };
		E44B81061AC97BDE003ADA03 /* LinedLabel.swift */ = {isa = PBXFileReference; fileEncoding = 4; lastKnownFileType = sourcecode.swift; path = LinedLabel.swift; sourceTree = "<group>"; };
		E450B7FB1B821118001FC27A /* ArticleItem.swift */ = {isa = PBXFileReference; fileEncoding = 4; lastKnownFileType = sourcecode.swift; path = ArticleItem.swift; sourceTree = "<group>"; };
		E450B7FD1B821F20001FC27A /* ArticleDetailsViewController.swift */ = {isa = PBXFileReference; fileEncoding = 4; lastKnownFileType = sourcecode.swift; path = ArticleDetailsViewController.swift; sourceTree = "<group>"; };
		E464D2851ABCB02600E80FBE /* Caas.swift */ = {isa = PBXFileReference; fileEncoding = 4; lastKnownFileType = sourcecode.swift; path = Caas.swift; sourceTree = "<group>"; };
		E464D2871ABCB04B00E80FBE /* OfferingItem.swift */ = {isa = PBXFileReference; fileEncoding = 4; lastKnownFileType = sourcecode.swift; path = OfferingItem.swift; sourceTree = "<group>"; };
		E464D2891ABCB06000E80FBE /* privacy.rtf */ = {isa = PBXFileReference; fileEncoding = 4; lastKnownFileType = text.rtf; path = privacy.rtf; sourceTree = "<group>"; };
		E464D28A1ABCB06000E80FBE /* legal.rtf */ = {isa = PBXFileReference; fileEncoding = 4; lastKnownFileType = text.rtf; path = legal.rtf; sourceTree = "<group>"; };
		E464D28B1ABCB06000E80FBE /* AppDelegate.swift */ = {isa = PBXFileReference; fileEncoding = 4; lastKnownFileType = sourcecode.swift; path = AppDelegate.swift; sourceTree = "<group>"; };
		E464D2921ABCB06000E80FBE /* Images.xcassets */ = {isa = PBXFileReference; lastKnownFileType = folder.assetcatalog; path = Images.xcassets; sourceTree = "<group>"; };
		E464D2931ABCB06000E80FBE /* LaunchScreen.xib */ = {isa = PBXFileReference; fileEncoding = 4; lastKnownFileType = file.xib; path = LaunchScreen.xib; sourceTree = "<group>"; };
		E4732FB11B8606BA00CF7AB4 /* AccountsTableViewController.swift */ = {isa = PBXFileReference; fileEncoding = 4; lastKnownFileType = sourcecode.swift; path = AccountsTableViewController.swift; sourceTree = "<group>"; };
		E4732FB31B860DCC00CF7AB4 /* AccountDetailsViewController.swift */ = {isa = PBXFileReference; fileEncoding = 4; lastKnownFileType = sourcecode.swift; path = AccountDetailsViewController.swift; sourceTree = "<group>"; };
		E47ED20F1B87592900718A88 /* DetailCell.swift */ = {isa = PBXFileReference; fileEncoding = 4; lastKnownFileType = sourcecode.swift; path = DetailCell.swift; sourceTree = "<group>"; };
		E47ED2111B877E8A00718A88 /* SettingsViewController.swift */ = {isa = PBXFileReference; fileEncoding = 4; lastKnownFileType = sourcecode.swift; path = SettingsViewController.swift; sourceTree = "<group>"; };
		E47F6F1E1ACD4C1100DCEDA2 /* Util.swift */ = {isa = PBXFileReference; fileEncoding = 4; lastKnownFileType = sourcecode.swift; path = Util.swift; sourceTree = "<group>"; };
		E48D27A11B8DD79200397050 /* BeaconManager.swift */ = {isa = PBXFileReference; fileEncoding = 4; lastKnownFileType = sourcecode.swift; path = BeaconManager.swift; sourceTree = "<group>"; };
		E48D27A31B8E09C700397050 /* CoreLocation.framework */ = {isa = PBXFileReference; lastKnownFileType = wrapper.framework; name = CoreLocation.framework; path = System/Library/Frameworks/CoreLocation.framework; sourceTree = SDKROOT; };
		E4963A6E1AD7F25700F271CD /* AccountCell.swift */ = {isa = PBXFileReference; fileEncoding = 4; lastKnownFileType = sourcecode.swift; path = AccountCell.swift; sourceTree = "<group>"; };
		E49C8CCF1B8F36D4005BC49D /* BeaconCell.swift */ = {isa = PBXFileReference; fileEncoding = 4; lastKnownFileType = sourcecode.swift; path = BeaconCell.swift; sourceTree = "<group>"; };
		E49C8CD11B8F5DCE005BC49D /* BeaconDetailViewController.swift */ = {isa = PBXFileReference; fileEncoding = 4; lastKnownFileType = sourcecode.swift; path = BeaconDetailViewController.swift; sourceTree = "<group>"; };
		E4C16DFA1B8B3DDF00C5B9AA /* ServerSettingsViewController.swift */ = {isa = PBXFileReference; fileEncoding = 4; lastKnownFileType = sourcecode.swift; path = ServerSettingsViewController.swift; sourceTree = "<group>"; };
		E4CAB4A11B7B67FF000CCC66 /* HeaderCollectionReusableView.swift */ = {isa = PBXFileReference; fileEncoding = 4; lastKnownFileType = sourcecode.swift; path = HeaderCollectionReusableView.swift; sourceTree = "<group>"; };
		E4D029CF1BD92E7900B2AC9D /* .localized */ = {isa = PBXFileReference; fileEncoding = 4; lastKnownFileType = text; path = .localized; sourceTree = "<group>"; };
		E4D02A631BD92EA200B2AC9D /* appicon.png */ = {isa = PBXFileReference; lastKnownFileType = image.png; path = appicon.png; sourceTree = "<group>"; };
		E4D2BB611B83610B00EEDCBA /* NavigationViewController.swift */ = {isa = PBXFileReference; fileEncoding = 4; lastKnownFileType = sourcecode.swift; path = NavigationViewController.swift; sourceTree = "<group>"; };
		E4D2BB631B8376B100EEDCBA /* FiltersViewController.swift */ = {isa = PBXFileReference; fileEncoding = 4; lastKnownFileType = sourcecode.swift; path = FiltersViewController.swift; sourceTree = "<group>"; };
		FD3F82D80F3DF165F2A70717 /* Pods-greenwell.debug.xcconfig */ = {isa = PBXFileReference; includeInIndex = 1; lastKnownFileType = text.xcconfig; name = "Pods-greenwell.debug.xcconfig"; path = "Pods/Target Support Files/Pods-greenwell/Pods-greenwell.debug.xcconfig"; sourceTree = "<group>"; };
/* End PBXFileReference section */

/* Begin PBXFrameworksBuildPhase section */
		E423CF2D1ABCAB0400CA1935 /* Frameworks */ = {
			isa = PBXFrameworksBuildPhase;
			buildActionMask = 2147483647;
			files = (
				E48D27A41B8E09C700397050 /* CoreLocation.framework in Frameworks */,
				6F6F562902D54BCE24D5774F /* Pods_greenwell.framework in Frameworks */,
			);
			runOnlyForDeploymentPostprocessing = 0;
		};
		E423CF421ABCAB0400CA1935 /* Frameworks */ = {
			isa = PBXFrameworksBuildPhase;
			buildActionMask = 2147483647;
			files = (
			);
			runOnlyForDeploymentPostprocessing = 0;
		};
/* End PBXFrameworksBuildPhase section */

/* Begin PBXGroup section */
		951D79EA1C28ADCE002936A0 /* Configuration */ = {
			isa = PBXGroup;
			children = (
				951D79F11C28AEDE002936A0 /* greenwell.plist */,
				951D79EF1C28AECF002936A0 /* PropertiesManager.swift */,
			);
			name = Configuration;
			sourceTree = "<group>";
		};
		CE92446A9499442A1815BE80 /* Pods */ = {
			isa = PBXGroup;
			children = (
				FD3F82D80F3DF165F2A70717 /* Pods-greenwell.debug.xcconfig */,
				76353C17C219E6A0898F2EB0 /* Pods-greenwell.release.xcconfig */,
			);
			name = Pods;
			sourceTree = "<group>";
		};
		E422CE4C1B84B1B400971C7F /* custom controls */ = {
			isa = PBXGroup;
			children = (
				E44245731B7A455800C261C9 /* CustomView.swift */,
				E44B81061AC97BDE003ADA03 /* LinedLabel.swift */,
				E422CE4F1B84B6C700971C7F /* AnimatedLabel.swift */,
			);
			name = "custom controls";
			sourceTree = "<group>";
		};
		E423CF271ABCAB0400CA1935 = {
			isa = PBXGroup;
			children = (
				E423CF321ABCAB0400CA1935 /* greenwell */,
				E423CF481ABCAB0400CA1935 /* greenwellTests */,
				E423CF311ABCAB0400CA1935 /* Products */,
				CE92446A9499442A1815BE80 /* Pods */,
				EF1C6643967D2D716C2DC05C /* Frameworks */,
			);
			sourceTree = "<group>";
		};
		E423CF311ABCAB0400CA1935 /* Products */ = {
			isa = PBXGroup;
			children = (
				E423CF301ABCAB0400CA1935 /* greenwell.app */,
				E423CF451ABCAB0400CA1935 /* greenwellTests.xctest */,
			);
			name = Products;
			sourceTree = "<group>";
		};
		E423CF321ABCAB0400CA1935 /* greenwell */ = {
			isa = PBXGroup;
			children = (
				951D79EA1C28ADCE002936A0 /* Configuration */,
				E4D029CE1BD92E7900B2AC9D /* Desktop */,
				E4D02A631BD92EA200B2AC9D /* appicon.png */,
				E423CF561ABCAB4D00CA1935 /* caas */,
				E422CE4C1B84B1B400971C7F /* custom controls */,
				E43A41721B6FB91B00CD34F4 /* new UI */,
				E464D2891ABCB06000E80FBE /* privacy.rtf */,
				E464D28A1ABCB06000E80FBE /* legal.rtf */,
				E47F6F1E1ACD4C1100DCEDA2 /* Util.swift */,
				E464D28B1ABCB06000E80FBE /* AppDelegate.swift */,
				E464D2921ABCB06000E80FBE /* Images.xcassets */,
				E464D2931ABCB06000E80FBE /* LaunchScreen.xib */,
				E423CF331ABCAB0400CA1935 /* Supporting Files */,
			);
			path = greenwell;
			sourceTree = "<group>";
		};
		E423CF331ABCAB0400CA1935 /* Supporting Files */ = {
			isa = PBXGroup;
			children = (
				E423CF341ABCAB0400CA1935 /* Info.plist */,
				E41E86611AEE544B000EAC50 /* Localizable.strings */,
			);
			name = "Supporting Files";
			sourceTree = "<group>";
		};
		E423CF481ABCAB0400CA1935 /* greenwellTests */ = {
			isa = PBXGroup;
			children = (
				E423CF4B1ABCAB0500CA1935 /* greenwellTests.swift */,
				E423CF491ABCAB0400CA1935 /* Supporting Files */,
			);
			path = greenwellTests;
			sourceTree = "<group>";
		};
		E423CF491ABCAB0400CA1935 /* Supporting Files */ = {
			isa = PBXGroup;
			children = (
				E423CF4A1ABCAB0500CA1935 /* Info.plist */,
			);
			name = "Supporting Files";
			sourceTree = "<group>";
		};
		E423CF561ABCAB4D00CA1935 /* caas */ = {
			isa = PBXGroup;
			children = (
				E450B7FB1B821118001FC27A /* ArticleItem.swift */,
				E464D2871ABCB04B00E80FBE /* OfferingItem.swift */,
				E464D2851ABCB02600E80FBE /* Caas.swift */,
			);
			name = caas;
			sourceTree = "<group>";
		};
		E43A41721B6FB91B00CD34F4 /* new UI */ = {
			isa = PBXGroup;
			children = (
				E43A41731B6FB93E00CD34F4 /* main.storyboard */,
				E43A41751B7205E900CD34F4 /* InitialViewController.swift */,
				E44245671B73886E00C261C9 /* InfoViewController.swift */,
				E44245691B73898300C261C9 /* MainViewController.swift */,
				E442456B1B74D79B00C261C9 /* OfferCollectionViewCell.swift */,
				E442456D1B7A1F9700C261C9 /* OfferDetailsViewController.swift */,
				E450B7FD1B821F20001FC27A /* ArticleDetailsViewController.swift */,
				E4CAB4A11B7B67FF000CCC66 /* HeaderCollectionReusableView.swift */,
				E4D2BB631B8376B100EEDCBA /* FiltersViewController.swift */,
				E4D2BB611B83610B00EEDCBA /* NavigationViewController.swift */,
				E422CE4D1B84B60400971C7F /* MyAccountsCollectionViewCell.swift */,
				E4732FB11B8606BA00CF7AB4 /* AccountsTableViewController.swift */,
				E4732FB31B860DCC00CF7AB4 /* AccountDetailsViewController.swift */,
				E4963A6E1AD7F25700F271CD /* AccountCell.swift */,
				E47ED20F1B87592900718A88 /* DetailCell.swift */,
				E47ED2111B877E8A00718A88 /* SettingsViewController.swift */,
				E4C16DFA1B8B3DDF00C5B9AA /* ServerSettingsViewController.swift */,
				E48D27A11B8DD79200397050 /* BeaconManager.swift */,
				E4198ACA1B8F17360095E5B9 /* BeaconsViewController.swift */,
				E49C8CCF1B8F36D4005BC49D /* BeaconCell.swift */,
				E49C8CD11B8F5DCE005BC49D /* BeaconDetailViewController.swift */,
			);
			name = "new UI";
			sourceTree = "<group>";
		};
		E4D029CE1BD92E7900B2AC9D /* Desktop */ = {
			isa = PBXGroup;
			children = (
				E4D029CF1BD92E7900B2AC9D /* .localized */,
			);
			name = Desktop;
			path = ../../../../../../Desktop;
			sourceTree = "<group>";
		};
		EF1C6643967D2D716C2DC05C /* Frameworks */ = {
			isa = PBXGroup;
			children = (
				E48D27A31B8E09C700397050 /* CoreLocation.framework */,
				CE99BBA59E87928A28198128 /* Pods_greenwell.framework */,
			);
			name = Frameworks;
			sourceTree = "<group>";
		};
/* End PBXGroup section */

/* Begin PBXNativeTarget section */
		E423CF2F1ABCAB0400CA1935 /* greenwell */ = {
			isa = PBXNativeTarget;
			buildConfigurationList = E423CF4F1ABCAB0500CA1935 /* Build configuration list for PBXNativeTarget "greenwell" */;
			buildPhases = (
				98354C03A9EB4C46CC8F4BBC /* Check Pods Manifest.lock */,
				E423CF2C1ABCAB0400CA1935 /* Sources */,
				E423CF2D1ABCAB0400CA1935 /* Frameworks */,
				E423CF2E1ABCAB0400CA1935 /* Resources */,
				79B9C08894BE197EF956F4CD /* Embed Pods Frameworks */,
				E1E1A82D4B285673337F7520 /* Copy Pods Resources */,
			);
			buildRules = (
			);
			dependencies = (
			);
			name = greenwell;
			productName = greenwell;
			productReference = E423CF301ABCAB0400CA1935 /* greenwell.app */;
			productType = "com.apple.product-type.application";
		};
		E423CF441ABCAB0400CA1935 /* greenwellTests */ = {
			isa = PBXNativeTarget;
			buildConfigurationList = E423CF521ABCAB0500CA1935 /* Build configuration list for PBXNativeTarget "greenwellTests" */;
			buildPhases = (
				E423CF411ABCAB0400CA1935 /* Sources */,
				E423CF421ABCAB0400CA1935 /* Frameworks */,
				E423CF431ABCAB0400CA1935 /* Resources */,
			);
			buildRules = (
			);
			dependencies = (
				E423CF471ABCAB0400CA1935 /* PBXTargetDependency */,
			);
			name = greenwellTests;
			productName = greenwellTests;
			productReference = E423CF451ABCAB0400CA1935 /* greenwellTests.xctest */;
			productType = "com.apple.product-type.bundle.unit-test";
		};
/* End PBXNativeTarget section */

/* Begin PBXProject section */
		E423CF281ABCAB0400CA1935 /* Project object */ = {
			isa = PBXProject;
			attributes = {
				LastSwiftUpdateCheck = 0700;
				LastUpgradeCheck = 0700;
				ORGANIZATIONNAME = IBM;
				TargetAttributes = {
					E423CF2F1ABCAB0400CA1935 = {
						CreatedOnToolsVersion = 6.3;
						DevelopmentTeam = DS966V8F2D;
						SystemCapabilities = {
							com.apple.BackgroundModes = {
								enabled = 1;
							};
							com.apple.Push = {
								enabled = 1;
							};
						};
					};
					E423CF441ABCAB0400CA1935 = {
						CreatedOnToolsVersion = 6.3;
						TestTargetID = E423CF2F1ABCAB0400CA1935;
					};
				};
			};
			buildConfigurationList = E423CF2B1ABCAB0400CA1935 /* Build configuration list for PBXProject "greenwell" */;
			compatibilityVersion = "Xcode 3.2";
			developmentRegion = English;
			hasScannedForEncodings = 0;
			knownRegions = (
				en,
				Base,
			);
			mainGroup = E423CF271ABCAB0400CA1935;
			productRefGroup = E423CF311ABCAB0400CA1935 /* Products */;
			projectDirPath = "";
			projectRoot = "";
			targets = (
				E423CF2F1ABCAB0400CA1935 /* greenwell */,
				E423CF441ABCAB0400CA1935 /* greenwellTests */,
			);
		};
/* End PBXProject section */

/* Begin PBXResourcesBuildPhase section */
		E423CF2E1ABCAB0400CA1935 /* Resources */ = {
			isa = PBXResourcesBuildPhase;
			buildActionMask = 2147483647;
			files = (
				E464D29E1ABCB06000E80FBE /* LaunchScreen.xib in Resources */,
				E464D29D1ABCB06000E80FBE /* Images.xcassets in Resources */,
				E4D02A641BD92EA200B2AC9D /* appicon.png in Resources */,
				E464D2951ABCB06000E80FBE /* legal.rtf in Resources */,
				E41E86621AEE544B000EAC50 /* Localizable.strings in Resources */,
				E43A41741B6FB93E00CD34F4 /* main.storyboard in Resources */,
				951D79F21C28AEDE002936A0 /* greenwell.plist in Resources */,
				E464D2941ABCB06000E80FBE /* privacy.rtf in Resources */,
				E4D02A1D1BD92E7900B2AC9D /* .localized in Resources */,
			);
			runOnlyForDeploymentPostprocessing = 0;
		};
		E423CF431ABCAB0400CA1935 /* Resources */ = {
			isa = PBXResourcesBuildPhase;
			buildActionMask = 2147483647;
			files = (
			);
			runOnlyForDeploymentPostprocessing = 0;
		};
/* End PBXResourcesBuildPhase section */

/* Begin PBXShellScriptBuildPhase section */
		79B9C08894BE197EF956F4CD /* Embed Pods Frameworks */ = {
			isa = PBXShellScriptBuildPhase;
			buildActionMask = 2147483647;
			files = (
			);
			inputPaths = (
			);
			name = "Embed Pods Frameworks";
			outputPaths = (
			);
			runOnlyForDeploymentPostprocessing = 0;
			shellPath = /bin/sh;
			shellScript = "\"${SRCROOT}/Pods/Target Support Files/Pods-greenwell/Pods-greenwell-frameworks.sh\"\n";
			showEnvVarsInLog = 0;
		};
		98354C03A9EB4C46CC8F4BBC /* Check Pods Manifest.lock */ = {
			isa = PBXShellScriptBuildPhase;
			buildActionMask = 2147483647;
			files = (
			);
			inputPaths = (
			);
			name = "Check Pods Manifest.lock";
			outputPaths = (
			);
			runOnlyForDeploymentPostprocessing = 0;
			shellPath = /bin/sh;
			shellScript = "diff \"${PODS_ROOT}/../Podfile.lock\" \"${PODS_ROOT}/Manifest.lock\" > /dev/null\nif [[ $? != 0 ]] ; then\n    cat << EOM\nerror: The sandbox is not in sync with the Podfile.lock. Run 'pod install' or update your CocoaPods installation.\nEOM\n    exit 1\nfi\n";
			showEnvVarsInLog = 0;
		};
		E1E1A82D4B285673337F7520 /* Copy Pods Resources */ = {
			isa = PBXShellScriptBuildPhase;
			buildActionMask = 2147483647;
			files = (
			);
			inputPaths = (
			);
			name = "Copy Pods Resources";
			outputPaths = (
			);
			runOnlyForDeploymentPostprocessing = 0;
			shellPath = /bin/sh;
			shellScript = "\"${SRCROOT}/Pods/Target Support Files/Pods-greenwell/Pods-greenwell-resources.sh\"\n";
			showEnvVarsInLog = 0;
		};
/* End PBXShellScriptBuildPhase section */

/* Begin PBXSourcesBuildPhase section */
		E423CF2C1ABCAB0400CA1935 /* Sources */ = {
			isa = PBXSourcesBuildPhase;
			buildActionMask = 2147483647;
			files = (
				E4963A6F1AD7F25700F271CD /* AccountCell.swift in Sources */,
				E422CE4E1B84B60400971C7F /* MyAccountsCollectionViewCell.swift in Sources */,
				E43A41761B7205E900CD34F4 /* InitialViewController.swift in Sources */,
				E450B7FC1B821118001FC27A /* ArticleItem.swift in Sources */,
				E442456E1B7A1F9700C261C9 /* OfferDetailsViewController.swift in Sources */,
				951D79F01C28AECF002936A0 /* PropertiesManager.swift in Sources */,
				E44245741B7A455800C261C9 /* CustomView.swift in Sources */,
				E4D2BB621B83610B00EEDCBA /* NavigationViewController.swift in Sources */,
				E4732FB21B8606BA00CF7AB4 /* AccountsTableViewController.swift in Sources */,
				E442456C1B74D79B00C261C9 /* OfferCollectionViewCell.swift in Sources */,
				E450B7FE1B821F20001FC27A /* ArticleDetailsViewController.swift in Sources */,
				E464D2961ABCB06000E80FBE /* AppDelegate.swift in Sources */,
				E464D2881ABCB04B00E80FBE /* OfferingItem.swift in Sources */,
				E49C8CD01B8F36D4005BC49D /* BeaconCell.swift in Sources */,
				E442456A1B73898300C261C9 /* MainViewController.swift in Sources */,
				E4CAB4A21B7B67FF000CCC66 /* HeaderCollectionReusableView.swift in Sources */,
				E4198ACB1B8F17360095E5B9 /* BeaconsViewController.swift in Sources */,
				E422CE501B84B6C700971C7F /* AnimatedLabel.swift in Sources */,
				E4D2BB641B8376B100EEDCBA /* FiltersViewController.swift in Sources */,
				E49C8CD21B8F5DCE005BC49D /* BeaconDetailViewController.swift in Sources */,
				E4C16DFB1B8B3DDF00C5B9AA /* ServerSettingsViewController.swift in Sources */,
				E44B81071AC97BDE003ADA03 /* LinedLabel.swift in Sources */,
				E48D27A21B8DD79200397050 /* BeaconManager.swift in Sources */,
				E47F6F1F1ACD4C1100DCEDA2 /* Util.swift in Sources */,
				E4732FB41B860DCC00CF7AB4 /* AccountDetailsViewController.swift in Sources */,
				E464D2861ABCB02600E80FBE /* Caas.swift in Sources */,
				E47ED2121B877E8A00718A88 /* SettingsViewController.swift in Sources */,
				E44245681B73886E00C261C9 /* InfoViewController.swift in Sources */,
				E47ED2101B87592900718A88 /* DetailCell.swift in Sources */,
			);
			runOnlyForDeploymentPostprocessing = 0;
		};
		E423CF411ABCAB0400CA1935 /* Sources */ = {
			isa = PBXSourcesBuildPhase;
			buildActionMask = 2147483647;
			files = (
				E423CF4C1ABCAB0500CA1935 /* greenwellTests.swift in Sources */,
			);
			runOnlyForDeploymentPostprocessing = 0;
		};
/* End PBXSourcesBuildPhase section */

/* Begin PBXTargetDependency section */
		E423CF471ABCAB0400CA1935 /* PBXTargetDependency */ = {
			isa = PBXTargetDependency;
			target = E423CF2F1ABCAB0400CA1935 /* greenwell */;
			targetProxy = E423CF461ABCAB0400CA1935 /* PBXContainerItemProxy */;
		};
/* End PBXTargetDependency section */

/* Begin XCBuildConfiguration section */
		E423CF4D1ABCAB0500CA1935 /* Debug */ = {
			isa = XCBuildConfiguration;
			buildSettings = {
				ALWAYS_SEARCH_USER_PATHS = NO;
				CLANG_CXX_LANGUAGE_STANDARD = "gnu++0x";
				CLANG_CXX_LIBRARY = "libc++";
				CLANG_ENABLE_MODULES = YES;
				CLANG_ENABLE_OBJC_ARC = YES;
				CLANG_WARN_BOOL_CONVERSION = YES;
				CLANG_WARN_CONSTANT_CONVERSION = YES;
				CLANG_WARN_DIRECT_OBJC_ISA_USAGE = YES_ERROR;
				CLANG_WARN_EMPTY_BODY = YES;
				CLANG_WARN_ENUM_CONVERSION = YES;
				CLANG_WARN_INT_CONVERSION = YES;
				CLANG_WARN_OBJC_ROOT_CLASS = YES_ERROR;
				CLANG_WARN_UNREACHABLE_CODE = YES;
				CLANG_WARN__DUPLICATE_METHOD_MATCH = YES;
				CODE_SIGN_IDENTITY = "iPhone Developer";
				COPY_PHASE_STRIP = NO;
				DEBUG_INFORMATION_FORMAT = dwarf;
				ENABLE_STRICT_OBJC_MSGSEND = YES;
				ENABLE_TESTABILITY = YES;
				GCC_C_LANGUAGE_STANDARD = gnu99;
				GCC_DYNAMIC_NO_PIC = NO;
				GCC_OPTIMIZATION_LEVEL = 0;
				GCC_PREPROCESSOR_DEFINITIONS = (
					"DEBUG=1",
					"$(inherited)",
				);
				GCC_SYMBOLS_PRIVATE_EXTERN = NO;
				GCC_WARN_64_TO_32_BIT_CONVERSION = YES;
				GCC_WARN_ABOUT_RETURN_TYPE = YES_ERROR;
				GCC_WARN_UNDECLARED_SELECTOR = YES;
				GCC_WARN_UNINITIALIZED_AUTOS = YES_AGGRESSIVE;
				GCC_WARN_UNUSED_FUNCTION = YES;
				GCC_WARN_UNUSED_VARIABLE = YES;
				IPHONEOS_DEPLOYMENT_TARGET = 9.0;
				MTL_ENABLE_DEBUG_INFO = YES;
				ONLY_ACTIVE_ARCH = YES;
				PROVISIONING_PROFILE = "7e1024e3-caaf-4e43-ae2a-e1c4f7644833";
				SDKROOT = iphoneos;
				SWIFT_OPTIMIZATION_LEVEL = "-Onone";
				TARGETED_DEVICE_FAMILY = "1,2";
			};
			name = Debug;
		};
		E423CF4E1ABCAB0500CA1935 /* Release */ = {
			isa = XCBuildConfiguration;
			buildSettings = {
				ALWAYS_SEARCH_USER_PATHS = NO;
				CLANG_CXX_LANGUAGE_STANDARD = "gnu++0x";
				CLANG_CXX_LIBRARY = "libc++";
				CLANG_ENABLE_MODULES = YES;
				CLANG_ENABLE_OBJC_ARC = YES;
				CLANG_WARN_BOOL_CONVERSION = YES;
				CLANG_WARN_CONSTANT_CONVERSION = YES;
				CLANG_WARN_DIRECT_OBJC_ISA_USAGE = YES_ERROR;
				CLANG_WARN_EMPTY_BODY = YES;
				CLANG_WARN_ENUM_CONVERSION = YES;
				CLANG_WARN_INT_CONVERSION = YES;
				CLANG_WARN_OBJC_ROOT_CLASS = YES_ERROR;
				CLANG_WARN_UNREACHABLE_CODE = YES;
				CLANG_WARN__DUPLICATE_METHOD_MATCH = YES;
				CODE_SIGN_IDENTITY = "iPhone Developer";
				COPY_PHASE_STRIP = NO;
				DEBUG_INFORMATION_FORMAT = "dwarf-with-dsym";
				ENABLE_NS_ASSERTIONS = NO;
				ENABLE_STRICT_OBJC_MSGSEND = YES;
				GCC_C_LANGUAGE_STANDARD = gnu99;
				GCC_WARN_64_TO_32_BIT_CONVERSION = YES;
				GCC_WARN_ABOUT_RETURN_TYPE = YES_ERROR;
				GCC_WARN_UNDECLARED_SELECTOR = YES;
				GCC_WARN_UNINITIALIZED_AUTOS = YES_AGGRESSIVE;
				GCC_WARN_UNUSED_FUNCTION = YES;
				GCC_WARN_UNUSED_VARIABLE = YES;
				IPHONEOS_DEPLOYMENT_TARGET = 9.0;
				MTL_ENABLE_DEBUG_INFO = NO;
				PROVISIONING_PROFILE = "7e1024e3-caaf-4e43-ae2a-e1c4f7644833";
				SDKROOT = iphoneos;
				TARGETED_DEVICE_FAMILY = "1,2";
				VALIDATE_PRODUCT = YES;
			};
			name = Release;
		};
		E423CF501ABCAB0500CA1935 /* Debug */ = {
			isa = XCBuildConfiguration;
			baseConfigurationReference = FD3F82D80F3DF165F2A70717 /* Pods-greenwell.debug.xcconfig */;
			buildSettings = {
				ASSETCATALOG_COMPILER_APPICON_NAME = "AppIcon-2";
				CLANG_ENABLE_MODULES = YES;
				CODE_SIGN_IDENTITY = "iPhone Developer";
				"CODE_SIGN_IDENTITY[sdk=iphoneos*]" = "iPhone Developer";
				FRAMEWORK_SEARCH_PATHS = (
					"$(inherited)",
					"$(PROJECT_DIR)",
					"$(PROJECT_DIR)/greenwell",
				);
				INFOPLIST_FILE = greenwell/Info.plist;
				IPHONEOS_DEPLOYMENT_TARGET = 9.0;
				LD_RUNPATH_SEARCH_PATHS = "$(inherited) @executable_path/Frameworks";
				LIBRARY_SEARCH_PATHS = (
					"$(inherited)",
					"$(PROJECT_DIR)/build/Debug-iphoneos",
				);
				OTHER_LDFLAGS = (
					"$(inherited)",
					"-l\"stdc++.6\"",
					"-l\"z\"",
					"-framework",
					"\"CAASObjC\"",
					"-framework",
					"\"IMFCore\"",
					"-framework",
					"\"IMFPush\"",
					"-ObjC",
				);
				PRODUCT_BUNDLE_IDENTIFIER = com.ibm.GreenwellNative;
				PRODUCT_NAME = "$(TARGET_NAME)";
				PROVISIONING_PROFILE = "";
				SWIFT_OPTIMIZATION_LEVEL = "-Onone";
			};
			name = Debug;
		};
		E423CF511ABCAB0500CA1935 /* Release */ = {
			isa = XCBuildConfiguration;
			baseConfigurationReference = 76353C17C219E6A0898F2EB0 /* Pods-greenwell.release.xcconfig */;
			buildSettings = {
				ASSETCATALOG_COMPILER_APPICON_NAME = "AppIcon-2";
				CLANG_ENABLE_MODULES = YES;
				CODE_SIGN_IDENTITY = "iPhone Developer";
				"CODE_SIGN_IDENTITY[sdk=iphoneos*]" = "iPhone Developer";
				FRAMEWORK_SEARCH_PATHS = (
					"$(inherited)",
					"$(PROJECT_DIR)",
					"$(PROJECT_DIR)/greenwell",
				);
				INFOPLIST_FILE = greenwell/Info.plist;
				IPHONEOS_DEPLOYMENT_TARGET = 9.0;
				LD_RUNPATH_SEARCH_PATHS = "$(inherited) @executable_path/Frameworks";
				LIBRARY_SEARCH_PATHS = (
					"$(inherited)",
					"$(PROJECT_DIR)/build/Debug-iphoneos",
				);
				OTHER_LDFLAGS = (
					"$(inherited)",
					"-l\"stdc++.6\"",
					"-l\"z\"",
					"-framework",
					"\"CAASObjC\"",
					"-framework",
					"\"IMFCore\"",
					"-framework",
					"\"IMFPush\"",
					"-ObjC",
				);
				PRODUCT_BUNDLE_IDENTIFIER = com.ibm.GreenwellNative;
				PRODUCT_NAME = "$(TARGET_NAME)";
				PROVISIONING_PROFILE = "";
			};
			name = Release;
		};
		E423CF531ABCAB0500CA1935 /* Debug */ = {
			isa = XCBuildConfiguration;
			buildSettings = {
				BUNDLE_LOADER = "$(TEST_HOST)";
				FRAMEWORK_SEARCH_PATHS = (
					"$(SDKROOT)/Developer/Library/Frameworks",
					"$(inherited)",
				);
				GCC_PREPROCESSOR_DEFINITIONS = (
					"DEBUG=1",
					"$(inherited)",
				);
				INFOPLIST_FILE = greenwellTests/Info.plist;
				LD_RUNPATH_SEARCH_PATHS = "$(inherited) @executable_path/Frameworks @loader_path/Frameworks";
				PRODUCT_BUNDLE_IDENTIFIER = "IBM.$(PRODUCT_NAME:rfc1034identifier)";
				PRODUCT_NAME = "$(TARGET_NAME)";
				TEST_HOST = "$(BUILT_PRODUCTS_DIR)/greenwell.app/greenwell";
			};
			name = Debug;
		};
		E423CF541ABCAB0500CA1935 /* Release */ = {
			isa = XCBuildConfiguration;
			buildSettings = {
				BUNDLE_LOADER = "$(TEST_HOST)";
				FRAMEWORK_SEARCH_PATHS = (
					"$(SDKROOT)/Developer/Library/Frameworks",
					"$(inherited)",
				);
				INFOPLIST_FILE = greenwellTests/Info.plist;
				LD_RUNPATH_SEARCH_PATHS = "$(inherited) @executable_path/Frameworks @loader_path/Frameworks";
				PRODUCT_BUNDLE_IDENTIFIER = "IBM.$(PRODUCT_NAME:rfc1034identifier)";
				PRODUCT_NAME = "$(TARGET_NAME)";
				TEST_HOST = "$(BUILT_PRODUCTS_DIR)/greenwell.app/greenwell";
			};
			name = Release;
		};
/* End XCBuildConfiguration section */

/* Begin XCConfigurationList section */
		E423CF2B1ABCAB0400CA1935 /* Build configuration list for PBXProject "greenwell" */ = {
			isa = XCConfigurationList;
			buildConfigurations = (
				E423CF4D1ABCAB0500CA1935 /* Debug */,
				E423CF4E1ABCAB0500CA1935 /* Release */,
			);
			defaultConfigurationIsVisible = 0;
			defaultConfigurationName = Release;
		};
		E423CF4F1ABCAB0500CA1935 /* Build configuration list for PBXNativeTarget "greenwell" */ = {
			isa = XCConfigurationList;
			buildConfigurations = (
				E423CF501ABCAB0500CA1935 /* Debug */,
				E423CF511ABCAB0500CA1935 /* Release */,
			);
			defaultConfigurationIsVisible = 0;
			defaultConfigurationName = Release;
		};
		E423CF521ABCAB0500CA1935 /* Build configuration list for PBXNativeTarget "greenwellTests" */ = {
			isa = XCConfigurationList;
			buildConfigurations = (
				E423CF531ABCAB0500CA1935 /* Debug */,
				E423CF541ABCAB0500CA1935 /* Release */,
			);
			defaultConfigurationIsVisible = 0;
			defaultConfigurationName = Release;
		};
/* End XCConfigurationList section */
	};
	rootObject = E423CF281ABCAB0400CA1935 /* Project object */;
}
