PODS:
  - CAASObjC (1.0.0)
  - IMFCore (1.0.6)
  - IMFPush (1.0.0):
    - IMFCore (~> 1.0.0)

DEPENDENCIES:
  - CAASObjC (from `git@gitlabhost.rtp.raleigh.ibm.com:MACMTeam/MACM-SDK-iOS.git`)
  - IMFCore
  - IMFPush

EXTERNAL SOURCES:
  CAASObjC:
    :git: git@gitlabhost.rtp.raleigh.ibm.com:MACMTeam/MACM-SDK-iOS.git

CHECKOUT OPTIONS:
  CAASObjC:
    :commit: 4e57b8ec600f06055eb0c4fea226774b6f45ac53
    :git: git@gitlabhost.rtp.raleigh.ibm.com:MACMTeam/MACM-SDK-iOS.git

SPEC CHECKSUMS:
  CAASObjC: f07c5813bc3a2ffa6d774c11c4ec02c79af81502
  IMFCore: b2a891b32b3c3e35e9ca7751aeb02e52bf3288f6
  IMFPush: 40412a5cc2b4cd9e6db9034d58d0eaa16f0d0f58

COCOAPODS: 0.39.0
